
Microsoft Visual Studio Solution File, Format Version 12.00
# Visual Studio Version 16
VisualStudioVersion = 16.0.31410.357
MinimumVisualStudioVersion = 10.0.40219.1
Project("{2150E333-8FDC-42A3-9474-1A3956D46DE8}") = "Doc", "Doc", "{9D5B26BF-CC7E-42EB-B017-F91CBA040045}"
EndProject
Project("{2150E333-8FDC-42A3-9474-1A3956D46DE8}") = "Src", "Src", "{46D68511-755A-41F3-BC5B-BDF98498D7AA}"
EndProject
Project("{2150E333-8FDC-42A3-9474-1A3956D46DE8}") = "Test", "Test", "{333F1DB6-30BA-4098-B3C2-742F67836EC1}"
EndProject
Project("{2150E333-8FDC-42A3-9474-1A3956D46DE8}") = "Core", "Core", "{0FDCA6CD-1177-4C67-979B-67E2911E3D66}"
EndProject
Project("{2150E333-8FDC-42A3-9474-1A3956D46DE8}") = "Infrastructure", "Infrastructure", "{B921BDBE-8EBB-4EC7-8E8B-5DDF407743B2}"
EndProject
Project("{2150E333-8FDC-42A3-9474-1A3956D46DE8}") = "Presentation", "Presentation", "{5AE64532-CCAC-4E74-87BD-7764E43F8A13}"
EndProject
Project("{2150E333-8FDC-42A3-9474-1A3956D46DE8}") = "Common", "Common", "{96663061-978F-49F2-BD5A-4D101CB55D22}"
EndProject
Project("{9A19103F-16F7-4668-BE54-9A1E7A4F7556}") = "StoreExample.Domain", "StoreExample.Domain\StoreExample.Domain.csproj", "{8858598E-BD2A-4044-B7E9-DBDAA8F0351F}"
EndProject
Project("{9A19103F-16F7-4668-BE54-9A1E7A4F7556}") = "StoreExample.Application", "StoreExample.Application\StoreExample.Application.csproj", "{D6877CFC-E049-4FAE-AB86-B029654F9A1B}"
EndProject
Project("{9A19103F-16F7-4668-BE54-9A1E7A4F7556}") = "StoreExample.Infrastructure", "StoreExample.Infrastructure\StoreExample.Infrastructure.csproj", "{0DA00834-1704-40A5-9237-75989B5ADA1D}"
EndProject
Project("{9A19103F-16F7-4668-BE54-9A1E7A4F7556}") = "StoreExample.Persistence", "StoreExample.Persistence\StoreExample.Persistence.csproj", "{2246D43E-8560-4679-BC99-10838387387E}"
EndProject
Project("{9A19103F-16F7-4668-BE54-9A1E7A4F7556}") = "StoreExample.Common", "StoreExample.Common\StoreExample.Common.csproj", "{109E769B-1805-4C99-9EDB-D2A4F4567823}"
EndProject
Project("{9A19103F-16F7-4668-BE54-9A1E7A4F7556}") = "EndPoint.Site", "EndPoint.Site\EndPoint.Site.csproj", "{8F5A2470-46D1-40F2-B360-B354FA6C467E}"
EndProject
Project("{FAE04EC0-301F-11D3-BF4B-00C04F79EFBC}") = "test1", "test1\test1.csproj", "{B0E5AF2C-25FB-4119-BABA-4E313796B2B8}"
EndProject
Global
	GlobalSection(SolutionConfigurationPlatforms) = preSolution
		Debug|Any CPU = Debug|Any CPU
		Release|Any CPU = Release|Any CPU
	EndGlobalSection
	GlobalSection(ProjectConfigurationPlatforms) = postSolution
		{8858598E-BD2A-4044-B7E9-DBDAA8F0351F}.Debug|Any CPU.ActiveCfg = Debug|Any CPU
		{8858598E-BD2A-4044-B7E9-DBDAA8F0351F}.Debug|Any CPU.Build.0 = Debug|Any CPU
		{8858598E-BD2A-4044-B7E9-DBDAA8F0351F}.Release|Any CPU.ActiveCfg = Release|Any CPU
		{8858598E-BD2A-4044-B7E9-DBDAA8F0351F}.Release|Any CPU.Build.0 = Release|Any CPU
		{D6877CFC-E049-4FAE-AB86-B029654F9A1B}.Debug|Any CPU.ActiveCfg = Debug|Any CPU
		{D6877CFC-E049-4FAE-AB86-B029654F9A1B}.Debug|Any CPU.Build.0 = Debug|Any CPU
		{D6877CFC-E049-4FAE-AB86-B029654F9A1B}.Release|Any CPU.ActiveCfg = Release|Any CPU
		{D6877CFC-E049-4FAE-AB86-B029654F9A1B}.Release|Any CPU.Build.0 = Release|Any CPU
		{0DA00834-1704-40A5-9237-75989B5ADA1D}.Debug|Any CPU.ActiveCfg = Debug|Any CPU
		{0DA00834-1704-40A5-9237-75989B5ADA1D}.Debug|Any CPU.Build.0 = Debug|Any CPU
		{0DA00834-1704-40A5-9237-75989B5ADA1D}.Release|Any CPU.ActiveCfg = Release|Any CPU
		{0DA00834-1704-40A5-9237-75989B5ADA1D}.Release|Any CPU.Build.0 = Release|Any CPU
		{2246D43E-8560-4679-BC99-10838387387E}.Debug|Any CPU.ActiveCfg = Debug|Any CPU
		{2246D43E-8560-4679-BC99-10838387387E}.Debug|Any CPU.Build.0 = Debug|Any CPU
		{2246D43E-8560-4679-BC99-10838387387E}.Release|Any CPU.ActiveCfg = Release|Any CPU
		{2246D43E-8560-4679-BC99-10838387387E}.Release|Any CPU.Build.0 = Release|Any CPU
		{109E769B-1805-4C99-9EDB-D2A4F4567823}.Debug|Any CPU.ActiveCfg = Debug|Any CPU
		{109E769B-1805-4C99-9EDB-D2A4F4567823}.Debug|Any CPU.Build.0 = Debug|Any CPU
		{109E769B-1805-4C99-9EDB-D2A4F4567823}.Release|Any CPU.ActiveCfg = Release|Any CPU
		{109E769B-1805-4C99-9EDB-D2A4F4567823}.Release|Any CPU.Build.0 = Release|Any CPU
		{8F5A2470-46D1-40F2-B360-B354FA6C467E}.Debug|Any CPU.ActiveCfg = Debug|Any CPU
		{8F5A2470-46D1-40F2-B360-B354FA6C467E}.Debug|Any CPU.Build.0 = Debug|Any CPU
		{8F5A2470-46D1-40F2-B360-B354FA6C467E}.Release|Any CPU.ActiveCfg = Release|Any CPU
		{8F5A2470-46D1-40F2-B360-B354FA6C467E}.Release|Any CPU.Build.0 = Release|Any CPU
		{B0E5AF2C-25FB-4119-BABA-4E313796B2B8}.Debug|Any CPU.ActiveCfg = Debug|Any CPU
		{B0E5AF2C-25FB-4119-BABA-4E313796B2B8}.Debug|Any CPU.Build.0 = Debug|Any CPU
		{B0E5AF2C-25FB-4119-BABA-4E313796B2B8}.Release|Any CPU.ActiveCfg = Release|Any CPU
		{B0E5AF2C-25FB-4119-BABA-4E313796B2B8}.Release|Any CPU.Build.0 = Release|Any CPU
	EndGlobalSection
	GlobalSection(SolutionProperties) = preSolution
		HideSolutionNode = FALSE
	EndGlobalSection
	GlobalSection(NestedProjects) = preSolution
		{0FDCA6CD-1177-4C67-979B-67E2911E3D66} = {46D68511-755A-41F3-BC5B-BDF98498D7AA}
		{B921BDBE-8EBB-4EC7-8E8B-5DDF407743B2} = {46D68511-755A-41F3-BC5B-BDF98498D7AA}
		{5AE64532-CCAC-4E74-87BD-7764E43F8A13} = {46D68511-755A-41F3-BC5B-BDF98498D7AA}
		{96663061-978F-49F2-BD5A-4D101CB55D22} = {46D68511-755A-41F3-BC5B-BDF98498D7AA}
		{8858598E-BD2A-4044-B7E9-DBDAA8F0351F} = {0FDCA6CD-1177-4C67-979B-67E2911E3D66}
		{D6877CFC-E049-4FAE-AB86-B029654F9A1B} = {0FDCA6CD-1177-4C67-979B-67E2911E3D66}
		{0DA00834-1704-40A5-9237-75989B5ADA1D} = {B921BDBE-8EBB-4EC7-8E8B-5DDF407743B2}
		{2246D43E-8560-4679-BC99-10838387387E} = {B921BDBE-8EBB-4EC7-8E8B-5DDF407743B2}
		{109E769B-1805-4C99-9EDB-D2A4F4567823} = {96663061-978F-49F2-BD5A-4D101CB55D22}
		{8F5A2470-46D1-40F2-B360-B354FA6C467E} = {5AE64532-CCAC-4E74-87BD-7764E43F8A13}
		{B0E5AF2C-25FB-4119-BABA-4E313796B2B8} = {46D68511-755A-41F3-BC5B-BDF98498D7AA}
	EndGlobalSection
	GlobalSection(ExtensibilityGlobals) = postSolution
		SolutionGuid = {3BD548B0-9D9C-46BC-AC1A-20B24D466869}
	EndGlobalSection
EndGlobal
